{
  "name": "jth-tools",
  "version": "0.0.0",
  "lockfileVersion": 2,
  "requires": true,
  "packages": {
    "": {
      "name": "jth-tools",
      "version": "0.0.0",
      "license": "ISC",
      "dependencies": {
        "pop-quiz": "^0.0.4"
      }
    },
    "node_modules/pop-quiz": {
      "version": "0.0.4",
      "resolved": "https://registry.npmjs.org/pop-quiz/-/pop-quiz-0.0.4.tgz",
      "integrity": "sha512-uq2PR6NBbGjQLedEVml0+WbAkzdcir+zVIw/xQRKp30Cqg2zotc9YzBv/1F8etXUFgan0meqgfgDWESaBf3FXw=="
    }
  },
  "dependencies": {
    "pop-quiz": {
      "version": "0.0.4",
      "resolved": "https://registry.npmjs.org/pop-quiz/-/pop-quiz-0.0.4.tgz",
      "integrity": "sha512-uq2PR6NBbGjQLedEVml0+WbAkzdcir+zVIw/xQRKp30Cqg2zotc9YzBv/1F8etXUFgan0meqgfgDWESaBf3FXw=="
    }
  }
}
